
Microsoft Visual Studio Solution File, Format Version 12.00
# Visual Studio Version 17
VisualStudioVersion = 17.2.32616.157
MinimumVisualStudioVersion = 10.0.40219.1
Project("{FAE04EC0-301F-11D3-BF4B-00C04F79EFBC}") = "ChuckSwapiAPI", "ChuckSwapiAPI\ChuckSwapiAPI.csproj", "{69E2DF3B-93CF-4B30-8046-4877799AED46}"
EndProject
Global
	GlobalSection(SolutionConfigurationPlatforms) = preSolution
		Debug|Any CPU = Debug|Any CPU
		Release|Any CPU = Release|Any CPU
	EndGlobalSection
	GlobalSection(ProjectConfigurationPlatforms) = postSolution
		{69E2DF3B-93CF-4B30-8046-4877799AED46}.Debug|Any CPU.ActiveCfg = Debug|Any CPU
		{69E2DF3B-93CF-4B30-8046-4877799AED46}.Debug|Any CPU.Build.0 = Debug|Any CPU
		{69E2DF3B-93CF-4B30-8046-4877799AED46}.Release|Any CPU.ActiveCfg = Release|Any CPU
		{69E2DF3B-93CF-4B30-8046-4877799AED46}.Release|Any CPU.Build.0 = Release|Any CPU
	EndGlobalSection
	GlobalSection(SolutionProperties) = preSolution
		HideSolutionNode = FALSE
	EndGlobalSection
	GlobalSection(ExtensibilityGlobals) = postSolution
		SolutionGuid = {D3020B16-E019-4441-9115-E4327D6F3804}
	EndGlobalSection
EndGlobal
